
Microsoft Visual Studio Solution File, Format Version 12.00
# Visual Studio Version 17
VisualStudioVersion = 17.5.33530.505
MinimumVisualStudioVersion = 10.0.40219.1
Project("{FAE04EC0-301F-11D3-BF4B-00C04F79EFBC}") = "C#_dz5_Arrays&HappyWeekend_1_Ragged_array", "C#_dz5_Arrays&HappyWeekend_1_Ragged_array\C#_dz5_Arrays&HappyWeekend_1_Ragged_array.csproj", "{565D870A-AC00-44F2-B3B9-E2DBF3DF2E29}"
EndProject
Global
	GlobalSection(SolutionConfigurationPlatforms) = preSolution
		Debug|Any CPU = Debug|Any CPU
		Release|Any CPU = Release|Any CPU
	EndGlobalSection
	GlobalSection(ProjectConfigurationPlatforms) = postSolution
		{565D870A-AC00-44F2-B3B9-E2DBF3DF2E29}.Debug|Any CPU.ActiveCfg = Debug|Any CPU
		{565D870A-AC00-44F2-B3B9-E2DBF3DF2E29}.Debug|Any CPU.Build.0 = Debug|Any CPU
		{565D870A-AC00-44F2-B3B9-E2DBF3DF2E29}.Release|Any CPU.ActiveCfg = Release|Any CPU
		{565D870A-AC00-44F2-B3B9-E2DBF3DF2E29}.Release|Any CPU.Build.0 = Release|Any CPU
	EndGlobalSection
	GlobalSection(SolutionProperties) = preSolution
		HideSolutionNode = FALSE
	EndGlobalSection
	GlobalSection(ExtensibilityGlobals) = postSolution
		SolutionGuid = {50459E79-445B-4690-9889-E6B00DA09011}
	EndGlobalSection
EndGlobal
